
Microsoft Visual Studio Solution File, Format Version 12.00
# Visual Studio Version 16
VisualStudioVersion = 16.0.29411.108
MinimumVisualStudioVersion = 10.0.40219.1
Project("{FAE04EC0-301F-11D3-BF4B-00C04F79EFBC}") = "DesignWeb_Project", "DesignWeb_Project\DesignWeb_Project.csproj", "{F13352E4-81D2-48FB-9967-8FE58F6F1C4F}"
EndProject
Global
	GlobalSection(SolutionConfigurationPlatforms) = preSolution
		Debug|Any CPU = Debug|Any CPU
		Release|Any CPU = Release|Any CPU
	EndGlobalSection
	GlobalSection(ProjectConfigurationPlatforms) = postSolution
		{F13352E4-81D2-48FB-9967-8FE58F6F1C4F}.Debug|Any CPU.ActiveCfg = Debug|Any CPU
		{F13352E4-81D2-48FB-9967-8FE58F6F1C4F}.Debug|Any CPU.Build.0 = Debug|Any CPU
		{F13352E4-81D2-48FB-9967-8FE58F6F1C4F}.Release|Any CPU.ActiveCfg = Release|Any CPU
		{F13352E4-81D2-48FB-9967-8FE58F6F1C4F}.Release|Any CPU.Build.0 = Release|Any CPU
	EndGlobalSection
	GlobalSection(SolutionProperties) = preSolution
		HideSolutionNode = FALSE
	EndGlobalSection
	GlobalSection(ExtensibilityGlobals) = postSolution
		SolutionGuid = {B8DEDD7C-FCF2-4A81-AE71-F44438606ABF}
	EndGlobalSection
EndGlobal
